
Microsoft Visual Studio Solution File, Format Version 12.00
# Visual Studio Version 17
VisualStudioVersion = 17.7.34031.279
MinimumVisualStudioVersion = 10.0.40219.1
Project("{FAE04EC0-301F-11D3-BF4B-00C04F79EFBC}") = "WerkenMetArray", "WerkenMetArray.csproj", "{82E6D497-2347-408C-8DD5-52F50B0A44AE}"
EndProject
Global
	GlobalSection(SolutionConfigurationPlatforms) = preSolution
		Debug|Any CPU = Debug|Any CPU
		Release|Any CPU = Release|Any CPU
	EndGlobalSection
	GlobalSection(ProjectConfigurationPlatforms) = postSolution
		{82E6D497-2347-408C-8DD5-52F50B0A44AE}.Debug|Any CPU.ActiveCfg = Debug|Any CPU
		{82E6D497-2347-408C-8DD5-52F50B0A44AE}.Debug|Any CPU.Build.0 = Debug|Any CPU
		{82E6D497-2347-408C-8DD5-52F50B0A44AE}.Release|Any CPU.ActiveCfg = Release|Any CPU
		{82E6D497-2347-408C-8DD5-52F50B0A44AE}.Release|Any CPU.Build.0 = Release|Any CPU
	EndGlobalSection
	GlobalSection(SolutionProperties) = preSolution
		HideSolutionNode = FALSE
	EndGlobalSection
	GlobalSection(ExtensibilityGlobals) = postSolution
		SolutionGuid = {5EC27F4D-FD31-45B4-8C53-90569B5A8F14}
	EndGlobalSection
EndGlobal
